
Microsoft Visual Studio Solution File, Format Version 12.00
# Visual Studio Version 16
VisualStudioVersion = 16.0.31205.134
MinimumVisualStudioVersion = 10.0.40219.1
Project("{9A19103F-16F7-4668-BE54-9A1E7A4F7556}") = "AutoMapperEFCore.Api", "AutoMapperEFCore.Api\AutoMapperEFCore.Api.csproj", "{5F3C478A-9E90-4FED-81E1-BE89AB2E658F}"
EndProject
Project("{9A19103F-16F7-4668-BE54-9A1E7A4F7556}") = "AutoMapperEFCore.Dto", "AutoMapperEFCore.Dto\AutoMapperEFCore.Dto.csproj", "{348899E4-C634-41A5-978E-6248639AA241}"
EndProject
Project("{9A19103F-16F7-4668-BE54-9A1E7A4F7556}") = "AutoMapperEFCore.Core", "AutoMapperEFCore.Core\AutoMapperEFCore.Core.csproj", "{2314598E-E042-41B9-8A5C-0985A4589253}"
EndProject
Project("{9A19103F-16F7-4668-BE54-9A1E7A4F7556}") = "AutoMapperEFCore.Model", "AutoMapperEFCore.Model\AutoMapperEFCore.Model.csproj", "{330BCA11-A20B-483A-ABD1-2936347C056C}"
EndProject
Project("{FAE04EC0-301F-11D3-BF4B-00C04F79EFBC}") = "AutoMapperEFCore.Common", "AutoMapperEFCore.Common\AutoMapperEFCore.Common.csproj", "{B62BAFB4-76F2-4CA9-BE8E-566F9498E797}"
EndProject
Global
	GlobalSection(SolutionConfigurationPlatforms) = preSolution
		Debug|Any CPU = Debug|Any CPU
		Release|Any CPU = Release|Any CPU
	EndGlobalSection
	GlobalSection(ProjectConfigurationPlatforms) = postSolution
		{5F3C478A-9E90-4FED-81E1-BE89AB2E658F}.Debug|Any CPU.ActiveCfg = Debug|Any CPU
		{5F3C478A-9E90-4FED-81E1-BE89AB2E658F}.Debug|Any CPU.Build.0 = Debug|Any CPU
		{5F3C478A-9E90-4FED-81E1-BE89AB2E658F}.Release|Any CPU.ActiveCfg = Release|Any CPU
		{5F3C478A-9E90-4FED-81E1-BE89AB2E658F}.Release|Any CPU.Build.0 = Release|Any CPU
		{348899E4-C634-41A5-978E-6248639AA241}.Debug|Any CPU.ActiveCfg = Debug|Any CPU
		{348899E4-C634-41A5-978E-6248639AA241}.Debug|Any CPU.Build.0 = Debug|Any CPU
		{348899E4-C634-41A5-978E-6248639AA241}.Release|Any CPU.ActiveCfg = Release|Any CPU
		{348899E4-C634-41A5-978E-6248639AA241}.Release|Any CPU.Build.0 = Release|Any CPU
		{2314598E-E042-41B9-8A5C-0985A4589253}.Debug|Any CPU.ActiveCfg = Debug|Any CPU
		{2314598E-E042-41B9-8A5C-0985A4589253}.Debug|Any CPU.Build.0 = Debug|Any CPU
		{2314598E-E042-41B9-8A5C-0985A4589253}.Release|Any CPU.ActiveCfg = Release|Any CPU
		{2314598E-E042-41B9-8A5C-0985A4589253}.Release|Any CPU.Build.0 = Release|Any CPU
		{330BCA11-A20B-483A-ABD1-2936347C056C}.Debug|Any CPU.ActiveCfg = Debug|Any CPU
		{330BCA11-A20B-483A-ABD1-2936347C056C}.Debug|Any CPU.Build.0 = Debug|Any CPU
		{330BCA11-A20B-483A-ABD1-2936347C056C}.Release|Any CPU.ActiveCfg = Release|Any CPU
		{330BCA11-A20B-483A-ABD1-2936347C056C}.Release|Any CPU.Build.0 = Release|Any CPU
		{B62BAFB4-76F2-4CA9-BE8E-566F9498E797}.Debug|Any CPU.ActiveCfg = Debug|Any CPU
		{B62BAFB4-76F2-4CA9-BE8E-566F9498E797}.Debug|Any CPU.Build.0 = Debug|Any CPU
		{B62BAFB4-76F2-4CA9-BE8E-566F9498E797}.Release|Any CPU.ActiveCfg = Release|Any CPU
		{B62BAFB4-76F2-4CA9-BE8E-566F9498E797}.Release|Any CPU.Build.0 = Release|Any CPU
	EndGlobalSection
	GlobalSection(SolutionProperties) = preSolution
		HideSolutionNode = FALSE
	EndGlobalSection
	GlobalSection(ExtensibilityGlobals) = postSolution
		SolutionGuid = {886F58EA-B70D-488A-92B9-28FB1162006F}
	EndGlobalSection
EndGlobal
